
Microsoft Visual Studio Solution File, Format Version 12.00
# Visual Studio Version 17
VisualStudioVersion = 17.10.34928.147
MinimumVisualStudioVersion = 10.0.40219.1
Project("{2150E333-8FDC-42A3-9474-1A3956D46DE8}") = "src", "src", "{9B2455D3-1B25-4D3D-A158-77B66D2E1CB7}"
EndProject
Project("{2150E333-8FDC-42A3-9474-1A3956D46DE8}") = "test", "test", "{AA450F3F-FA51-49C5-ABA7-AD28D45A249F}"
EndProject
Project("{9A19103F-16F7-4668-BE54-9A1E7A4F7556}") = "Looplex.DotNet.Core.Application", "src\Looplex.DotNet.Core.Application\Looplex.DotNet.Core.Application.csproj", "{234326EF-FFA3-4F58-856A-E2711C367359}"
EndProject
Project("{9A19103F-16F7-4668-BE54-9A1E7A4F7556}") = "Looplex.DotNet.Core.Application.Abstractions", "src\Looplex.DotNet.Core.Application.Abstractions\Looplex.DotNet.Core.Application.Abstractions.csproj", "{682EE0E0-E69C-4993-A1B8-1808CA8F257C}"
EndProject
Project("{9A19103F-16F7-4668-BE54-9A1E7A4F7556}") = "Looplex.DotNet.Core.Common", "src\Looplex.DotNet.Core.Common\Looplex.DotNet.Core.Common.csproj", "{B0F0D6CE-EFB0-4AB2-BD56-8EAB73C4B4F9}"
EndProject
Project("{9A19103F-16F7-4668-BE54-9A1E7A4F7556}") = "Looplex.DotNet.Core.Domain", "src\Looplex.DotNet.Core.Domain\Looplex.DotNet.Core.Domain.csproj", "{677E6830-A1BF-4906-95F8-C398A2EF3F51}"
EndProject
Project("{9A19103F-16F7-4668-BE54-9A1E7A4F7556}") = "Looplex.DotNet.Core.WebAPI", "src\Looplex.DotNet.Core.WebAPI\Looplex.DotNet.Core.WebAPI.csproj", "{BBFB17B6-954D-4BDC-94B4-E19A1C16A064}"
EndProject
Project("{9A19103F-16F7-4668-BE54-9A1E7A4F7556}") = "Looplex.DotNet.Core.Application.UnitTests", "test\Looplex.DotNet.Core.Application.UnitTests\Looplex.DotNet.Core.Application.UnitTests.csproj", "{9B2BBCED-7C5D-444C-B3BC-ADDE258C5F50}"
EndProject
Project("{FAE04EC0-301F-11D3-BF4B-00C04F79EFBC}") = "Looplex.DotNet.Core.Middlewares", "src\Looplex.DotNet.Core.Middlewares\Looplex.DotNet.Core.Middlewares.csproj", "{7AE97477-6BE2-4F1F-93DD-7CDE29539A6C}"
EndProject
Project("{FAE04EC0-301F-11D3-BF4B-00C04F79EFBC}") = "Looplex.DotNet.Core.Common.UnitTests", "test\Looplex.DotNet.Core.Common.UnitTests\Looplex.DotNet.Core.Common.UnitTests.csproj", "{12854A63-AA4F-49B8-B426-767153EA6375}"
EndProject
Global
	GlobalSection(SolutionConfigurationPlatforms) = preSolution
		Debug|Any CPU = Debug|Any CPU
		Release|Any CPU = Release|Any CPU
	EndGlobalSection
	GlobalSection(ProjectConfigurationPlatforms) = postSolution
		{234326EF-FFA3-4F58-856A-E2711C367359}.Debug|Any CPU.ActiveCfg = Debug|Any CPU
		{234326EF-FFA3-4F58-856A-E2711C367359}.Debug|Any CPU.Build.0 = Debug|Any CPU
		{234326EF-FFA3-4F58-856A-E2711C367359}.Release|Any CPU.ActiveCfg = Release|Any CPU
		{234326EF-FFA3-4F58-856A-E2711C367359}.Release|Any CPU.Build.0 = Release|Any CPU
		{682EE0E0-E69C-4993-A1B8-1808CA8F257C}.Debug|Any CPU.ActiveCfg = Debug|Any CPU
		{682EE0E0-E69C-4993-A1B8-1808CA8F257C}.Debug|Any CPU.Build.0 = Debug|Any CPU
		{682EE0E0-E69C-4993-A1B8-1808CA8F257C}.Release|Any CPU.ActiveCfg = Release|Any CPU
		{682EE0E0-E69C-4993-A1B8-1808CA8F257C}.Release|Any CPU.Build.0 = Release|Any CPU
		{B0F0D6CE-EFB0-4AB2-BD56-8EAB73C4B4F9}.Debug|Any CPU.ActiveCfg = Debug|Any CPU
		{B0F0D6CE-EFB0-4AB2-BD56-8EAB73C4B4F9}.Debug|Any CPU.Build.0 = Debug|Any CPU
		{B0F0D6CE-EFB0-4AB2-BD56-8EAB73C4B4F9}.Release|Any CPU.ActiveCfg = Release|Any CPU
		{B0F0D6CE-EFB0-4AB2-BD56-8EAB73C4B4F9}.Release|Any CPU.Build.0 = Release|Any CPU
		{677E6830-A1BF-4906-95F8-C398A2EF3F51}.Debug|Any CPU.ActiveCfg = Debug|Any CPU
		{677E6830-A1BF-4906-95F8-C398A2EF3F51}.Debug|Any CPU.Build.0 = Debug|Any CPU
		{677E6830-A1BF-4906-95F8-C398A2EF3F51}.Release|Any CPU.ActiveCfg = Release|Any CPU
		{677E6830-A1BF-4906-95F8-C398A2EF3F51}.Release|Any CPU.Build.0 = Release|Any CPU
		{BBFB17B6-954D-4BDC-94B4-E19A1C16A064}.Debug|Any CPU.ActiveCfg = Debug|Any CPU
		{BBFB17B6-954D-4BDC-94B4-E19A1C16A064}.Debug|Any CPU.Build.0 = Debug|Any CPU
		{BBFB17B6-954D-4BDC-94B4-E19A1C16A064}.Release|Any CPU.ActiveCfg = Release|Any CPU
		{BBFB17B6-954D-4BDC-94B4-E19A1C16A064}.Release|Any CPU.Build.0 = Release|Any CPU
		{9B2BBCED-7C5D-444C-B3BC-ADDE258C5F50}.Debug|Any CPU.ActiveCfg = Debug|Any CPU
		{9B2BBCED-7C5D-444C-B3BC-ADDE258C5F50}.Debug|Any CPU.Build.0 = Debug|Any CPU
		{9B2BBCED-7C5D-444C-B3BC-ADDE258C5F50}.Release|Any CPU.ActiveCfg = Release|Any CPU
		{9B2BBCED-7C5D-444C-B3BC-ADDE258C5F50}.Release|Any CPU.Build.0 = Release|Any CPU
		{7AE97477-6BE2-4F1F-93DD-7CDE29539A6C}.Debug|Any CPU.ActiveCfg = Debug|Any CPU
		{7AE97477-6BE2-4F1F-93DD-7CDE29539A6C}.Debug|Any CPU.Build.0 = Debug|Any CPU
		{7AE97477-6BE2-4F1F-93DD-7CDE29539A6C}.Release|Any CPU.ActiveCfg = Release|Any CPU
		{7AE97477-6BE2-4F1F-93DD-7CDE29539A6C}.Release|Any CPU.Build.0 = Release|Any CPU
		{12854A63-AA4F-49B8-B426-767153EA6375}.Debug|Any CPU.ActiveCfg = Debug|Any CPU
		{12854A63-AA4F-49B8-B426-767153EA6375}.Debug|Any CPU.Build.0 = Debug|Any CPU
		{12854A63-AA4F-49B8-B426-767153EA6375}.Release|Any CPU.ActiveCfg = Release|Any CPU
		{12854A63-AA4F-49B8-B426-767153EA6375}.Release|Any CPU.Build.0 = Release|Any CPU
	EndGlobalSection
	GlobalSection(SolutionProperties) = preSolution
		HideSolutionNode = FALSE
	EndGlobalSection
	GlobalSection(NestedProjects) = preSolution
		{234326EF-FFA3-4F58-856A-E2711C367359} = {9B2455D3-1B25-4D3D-A158-77B66D2E1CB7}
		{682EE0E0-E69C-4993-A1B8-1808CA8F257C} = {9B2455D3-1B25-4D3D-A158-77B66D2E1CB7}
		{B0F0D6CE-EFB0-4AB2-BD56-8EAB73C4B4F9} = {9B2455D3-1B25-4D3D-A158-77B66D2E1CB7}
		{677E6830-A1BF-4906-95F8-C398A2EF3F51} = {9B2455D3-1B25-4D3D-A158-77B66D2E1CB7}
		{BBFB17B6-954D-4BDC-94B4-E19A1C16A064} = {9B2455D3-1B25-4D3D-A158-77B66D2E1CB7}
		{9B2BBCED-7C5D-444C-B3BC-ADDE258C5F50} = {AA450F3F-FA51-49C5-ABA7-AD28D45A249F}
		{7AE97477-6BE2-4F1F-93DD-7CDE29539A6C} = {9B2455D3-1B25-4D3D-A158-77B66D2E1CB7}
		{12854A63-AA4F-49B8-B426-767153EA6375} = {AA450F3F-FA51-49C5-ABA7-AD28D45A249F}
	EndGlobalSection
	GlobalSection(ExtensibilityGlobals) = postSolution
		SolutionGuid = {2A43CE53-45C0-4BD4-8129-4798327D7363}
	EndGlobalSection
EndGlobal
